{
  "name": "todolistapi",
  "version": "1.0.0",
  "lockfileVersion": 1,
  "requires": true,
  "dependencies": {
    "body-parser": {
      "version": "1.18.0",
      "resolved": "https://registry.npmjs.org/body-parser/-/body-parser-1.18.0.tgz",
      "integrity": "sha1-07Ik1Gf6LOjUNYnAJFBDJnwJNjQ=",
      "dependencies": {
        "bytes": {
          "version": "3.0.0",
          "resolved": "https://registry.npmjs.org/bytes/-/bytes-3.0.0.tgz",
          "integrity": "sha1-0ygVQE1olpn4Wk6k+odV3ROpYEg="
        },
        "iconv-lite": {
          "version": "0.4.18",
          "resolved": "https://registry.npmjs.org/iconv-lite/-/iconv-lite-0.4.18.tgz",
          "integrity": "sha512-sr1ZQph3UwHTR0XftSbK85OvBbxe/abLGzEnPENCQwmHf7sck8Oyu4ob3LgBxWWxRoM+QszeUyl7jbqapu2TqA=="
        },
        "raw-body": {
          "version": "2.3.1",
          "resolved": "https://registry.npmjs.org/raw-body/-/raw-body-2.3.1.tgz",
          "integrity": "sha512-sxkd1uqaSj41SG5Vet9sNAxBMCMsmZ3LVhRkDlK8SbCpelTUB7JiMGHG70AZS6cFiCRgfNQhU2eLnTHYRFf7LA=="
        }
      }
    },
    "color-convert": {
      "version": "1.9.0",
      "resolved": "https://registry.npmjs.org/color-convert/-/color-convert-1.9.0.tgz",
      "integrity": "sha1-Gsz5fdc5uYO/mU1W/sj5WFNkG3o="
    },
    "ejs": {
      "version": "3.1.2",
      "resolved": "https://registry.npmjs.org/ejs/-/ejs-3.1.2.tgz",
      "integrity": "sha512-zFuywxrAWtX5Mk2KAuoJNkXXbfezpNA0v7i+YC971QORguPekpjpAgeOv99YWSdKXwj7JxI2QAWDeDkE8fWtXw==",
      "requires": {
        "jake": "^10.6.1"
      }
    },
    "escape-string-regexp": {
      "version": "1.0.5",
      "resolved": "https://registry.npmjs.org/escape-string-regexp/-/escape-string-regexp-1.0.5.tgz",
      "integrity": "sha1-G2HAViGQqN/2rjuyzwIAyhMLhtQ="
    },
    "express": {
      "version": "4.15.4",
      "resolved": "https://registry.npmjs.org/express/-/express-4.15.4.tgz",
      "integrity": "sha1-Ay4iU0ic+PzgJma+yj0R7XotrtE="
    },
    "filelist": {
      "version": "1.0.1",
      "resolved": "https://registry.npmjs.org/filelist/-/filelist-1.0.1.tgz",
      "integrity": "sha512-8zSK6Nu0DQIC08mUC46sWGXi+q3GGpKydAG36k+JDba6VRpkevvOWUW5a/PhShij4+vHT9M+ghgG7eM+a9JDUQ==",
      "requires": {
        "minimatch": "^3.0.4"
      }
    },
    "jake": {
      "version": "10.6.1",
      "resolved": "https://registry.npmjs.org/jake/-/jake-10.6.1.tgz",
      "integrity": "sha512-pHUK3+V0BjOb1XSi95rbBksrMdIqLVC9bJqDnshVyleYsET3H0XAq+3VB2E3notcYvv4wRdRHn13p7vobG+wfQ==",
      "requires": {
        "async": "0.9.x",
        "chalk": "^2.4.2",
        "filelist": "^1.0.1",
        "minimatch": "^3.0.4"
      },
      "dependencies": {
        "ansi-styles": {
          "version": "3.2.1",
          "resolved": "https://registry.npmjs.org/ansi-styles/-/ansi-styles-3.2.1.tgz",
          "integrity": "sha512-VT0ZI6kZRdTh8YyJw3SMbYm/u+NqfsAxEpWO0Pf9sq8/e94WxxOpPKx9FR1FlyCtOVDNOQ+8ntlqFxiRc+r5qA==",
          "requires": {
            "color-convert": "^1.9.0"
          }
        },
        "async": {
          "version": "0.9.2",
          "resolved": "https://registry.npmjs.org/async/-/async-0.9.2.tgz",
          "integrity": "sha1-rqdNXmHB+JlhO/ZL2mbUx48v0X0="
        },
        "chalk": {
          "version": "2.4.2",
          "resolved": "https://registry.npmjs.org/chalk/-/chalk-2.4.2.tgz",
          "integrity": "sha512-Mti+f9lpJNcwF4tWV8/OrTTtF1gZi+f8FqlyAdouralcFWFQWF2+NgCHShjkCb+IFBLq9buZwE1xckQU4peSuQ==",
          "requires": {
            "ansi-styles": "^3.2.1",
            "escape-string-regexp": "^1.0.5",
            "supports-color": "^5.3.0"
          }
        },
        "has-flag": {
          "version": "3.0.0",
          "resolved": "https://registry.npmjs.org/has-flag/-/has-flag-3.0.0.tgz",
          "integrity": "sha1-tdRU3CGZriJWmfNGfloH87lVuv0="
        },
        "supports-color": {
          "version": "5.5.0",
          "resolved": "https://registry.npmjs.org/supports-color/-/supports-color-5.5.0.tgz",
          "integrity": "sha512-QjVjwdXIt408MIiAqCX4oUKsgU2EqAGzs2Ppkm4aQYbjm+ZEWEcW4SfFNTr4uMNZma0ey4f5lgLrkB0aX0QMow==",
          "requires": {
            "has-flag": "^3.0.0"
          }
        }
      }
    },
    "minimatch": {
      "version": "3.0.4",
      "resolved": "https://registry.npmjs.org/minimatch/-/minimatch-3.0.4.tgz",
      "integrity": "sha512-yJHVQEhyqPLUTgt9B83PXu6W3rx4MvvHvSUvToogpwoGDOUQ+yDrR0HRot+yOCdCO7u4hX3pWft6kWBBcqh0UA=="
    },
    "mongoose": {
      "version": "4.11.11",
      "resolved": "https://registry.npmjs.org/mongoose/-/mongoose-4.11.11.tgz",
      "integrity": "sha512-ScUeT0/s94ZvnENn/Zx/qhpwDkbQMsH7IF88C8JVbmmn5OqKJmpj5FMETtASyxq0DXQIpbORh7txgzx7j7QWMw=="
    },
    "nodemon": {
      "version": "1.12.0",
      "resolved": "https://registry.npmjs.org/nodemon/-/nodemon-1.12.0.tgz",
      "integrity": "sha1-5ThUindzQKGfhVxPCHt+Uoqj/to=",
      "dev": true
    },
    "path": {
      "version": "0.12.7",
      "resolved": "https://registry.npmjs.org/path/-/path-0.12.7.tgz",
      "integrity": "sha1-1NwqUGxM4hl+tIHr/NWzbAFAsQ8="
    }
  }
}
